<?xml version="1.0" encoding="utf-8"?>
<Project ToolsVersion="4.0" xmlns="http://schemas.microsoft.com/developer/msbuild/2003">
  <ItemGroup>
    <Filter Include="Source Files">
      <UniqueIdentifier>{4FC737F1-C7A5-4376-A066-2A32D752A2FF}</UniqueIdentifier>
      <Extensions>cpp;c;cc;cxx;def;odl;idl;hpj;bat;asm;asmx</Extensions>
    </Filter>
    <Filter Include="Header Files">
      <UniqueIdentifier>{93995380-89BD-4b04-88EB-625FBE52EBFB}</UniqueIdentifier>
      <Extensions>h;hpp;hxx;hm;inl;inc;xsd</Extensions>
    </Filter>
    <Filter Include="Resource Files">
      <UniqueIdentifier>{67DA6AB6-F800-4c08-8B7A-83BB121AAD01}</UniqueIdentifier>
      <Extensions>rc;ico;cur;bmp;dlg;rc2;rct;bin;rgs;gif;jpg;jpeg;jpe;resx;tiff;tif;png;wav</Extensions>
    </Filter>
    <Filter Include="Header Files\XED2">
      <UniqueIdentifier>{465a15c3-7ab8-4bcf-8596-0cf8b653a8fe}</UniqueIdentifier>
    </Filter>
  </ItemGroup>
  <ItemGroup>
    <ClCompile Include="XEDParse.cpp">
      <Filter>Source Files</Filter>
    </ClCompile>
    <ClCompile Include="MnemonicTable.cpp">
      <Filter>Source Files</Filter>
    </ClCompile>
    <ClCompile Include="Operand.cpp">
      <Filter>Source Files</Filter>
    </ClCompile>
    <ClCompile Include="Prefix.cpp">
      <Filter>Source Files</Filter>
    </ClCompile>
    <ClCompile Include="Validator.cpp">
      <Filter>Source Files</Filter>
    </ClCompile>
    <ClCompile Include="Translator.cpp">
      <Filter>Source Files</Filter>
    </ClCompile>
    <ClCompile Include="Parser.cpp">
      <Filter>Source Files</Filter>
    </ClCompile>
    <ClCompile Include="RegTable.cpp">
      <Filter>Source Files</Filter>
    </ClCompile>
    <ClCompile Include="OpSize.cpp">
      <Filter>Source Files</Filter>
    </ClCompile>
    <ClCompile Include="ParseTest.cpp">
      <Filter>Source Files</Filter>
    </ClCompile>
    <ClCompile Include="BranchInst.cpp">
      <Filter>Source Files</Filter>
    </ClCompile>
    <ClCompile Include="MemOperand.cpp">
      <Filter>Source Files</Filter>
    </ClCompile>
  </ItemGroup>
  <ItemGroup>
    <ClInclude Include="XEDParse.h">
      <Filter>Header Files</Filter>
    </ClInclude>
    <ClInclude Include="xed2\include\xed-address-width-enum.h">
      <Filter>Header Files\XED2</Filter>
    </ClInclude>
    <ClInclude Include="xed2\include\xed-agen.h">
      <Filter>Header Files\XED2</Filter>
    </ClInclude>
    <ClInclude Include="xed2\include\xed-attribute-enum.h">
      <Filter>Header Files\XED2</Filter>
    </ClInclude>
    <ClInclude Include="xed2\include\xed-attributes.h">
      <Filter>Header Files\XED2</Filter>
    </ClInclude>
    <ClInclude Include="xed2\include\xed-category-enum.h">
      <Filter>Header Files\XED2</Filter>
    </ClInclude>
    <ClInclude Include="xed2\include\xed-chip-enum.h">
      <Filter>Header Files\XED2</Filter>
    </ClInclude>
    <ClInclude Include="xed2\include\xed-common-defs.h">
      <Filter>Header Files\XED2</Filter>
    </ClInclude>
    <ClInclude Include="xed2\include\xed-common-hdrs.h">
      <Filter>Header Files\XED2</Filter>
    </ClInclude>
    <ClInclude Include="xed2\include\xed-convert-table-init.h">
      <Filter>Header Files\XED2</Filter>
    </ClInclude>
    <ClInclude Include="xed2\include\xed-decode.h">
      <Filter>Header Files\XED2</Filter>
    </ClInclude>
    <ClInclude Include="xed2\include\xed-decode-cache.h">
      <Filter>Header Files\XED2</Filter>
    </ClInclude>
    <ClInclude Include="xed2\include\xed-decoded-inst.h">
      <Filter>Header Files\XED2</Filter>
    </ClInclude>
    <ClInclude Include="xed2\include\xed-decoded-inst-api.h">
      <Filter>Header Files\XED2</Filter>
    </ClInclude>
    <ClInclude Include="xed2\include\xed-disas.h">
      <Filter>Header Files\XED2</Filter>
    </ClInclude>
    <ClInclude Include="xed2\include\xed-encode.h">
      <Filter>Header Files\XED2</Filter>
    </ClInclude>
    <ClInclude Include="xed2\include\xed-encoder-gen-defs.h">
      <Filter>Header Files\XED2</Filter>
    </ClInclude>
    <ClInclude Include="xed2\include\xed-encoder-hl.h">
      <Filter>Header Files\XED2</Filter>
    </ClInclude>
    <ClInclude Include="xed2\include\xed-encoder-iforms.h">
      <Filter>Header Files\XED2</Filter>
    </ClInclude>
    <ClInclude Include="xed2\include\xed-error-enum.h">
      <Filter>Header Files\XED2</Filter>
    </ClInclude>
    <ClInclude Include="xed2\include\xed-exception-enum.h">
      <Filter>Header Files\XED2</Filter>
    </ClInclude>
    <ClInclude Include="xed2\include\xed-extension-enum.h">
      <Filter>Header Files\XED2</Filter>
    </ClInclude>
    <ClInclude Include="xed2\include\xed-flag-action-enum.h">
      <Filter>Header Files\XED2</Filter>
    </ClInclude>
    <ClInclude Include="xed2\include\xed-flag-enum.h">
      <Filter>Header Files\XED2</Filter>
    </ClInclude>
    <ClInclude Include="xed2\include\xed-flags.h">
      <Filter>Header Files\XED2</Filter>
    </ClInclude>
    <ClInclude Include="xed2\include\xed-format-options.h">
      <Filter>Header Files\XED2</Filter>
    </ClInclude>
    <ClInclude Include="xed2\include\xed-gen-table-defs.h">
      <Filter>Header Files\XED2</Filter>
    </ClInclude>
    <ClInclude Include="xed2\include\xed-get-time.h">
      <Filter>Header Files\XED2</Filter>
    </ClInclude>
    <ClInclude Include="xed2\include\xed-iclass-enum.h">
      <Filter>Header Files\XED2</Filter>
    </ClInclude>
    <ClInclude Include="xed2\include\xed-iform-enum.h">
      <Filter>Header Files\XED2</Filter>
    </ClInclude>
    <ClInclude Include="xed2\include\xed-iformfl-enum.h">
      <Filter>Header Files\XED2</Filter>
    </ClInclude>
    <ClInclude Include="xed2\include\xed-iform-map.h">
      <Filter>Header Files\XED2</Filter>
    </ClInclude>
    <ClInclude Include="xed2\include\xed-ild.h">
      <Filter>Header Files\XED2</Filter>
    </ClInclude>
    <ClInclude Include="xed2\include\xed-immdis.h">
      <Filter>Header Files\XED2</Filter>
    </ClInclude>
    <ClInclude Include="xed2\include\xed-immed.h">
      <Filter>Header Files\XED2</Filter>
    </ClInclude>
    <ClInclude Include="xed2\include\xed-init.h">
      <Filter>Header Files\XED2</Filter>
    </ClInclude>
    <ClInclude Include="xed2\include\xed-init-pointer-names.h">
      <Filter>Header Files\XED2</Filter>
    </ClInclude>
    <ClInclude Include="xed2\include\xed-inst.h">
      <Filter>Header Files\XED2</Filter>
    </ClInclude>
    <ClInclude Include="xed2\include\xed-inst-printer.h">
      <Filter>Header Files\XED2</Filter>
    </ClInclude>
    <ClInclude Include="xed2\include\xed-interface.h">
      <Filter>Header Files\XED2</Filter>
    </ClInclude>
    <ClInclude Include="xed2\include\xed-isa-set.h">
      <Filter>Header Files\XED2</Filter>
    </ClInclude>
    <ClInclude Include="xed2\include\xed-isa-set-enum.h">
      <Filter>Header Files\XED2</Filter>
    </ClInclude>
    <ClInclude Include="xed2\include\xed-machine-mode-enum.h">
      <Filter>Header Files\XED2</Filter>
    </ClInclude>
    <ClInclude Include="xed2\include\xed-nonterminal-enum.h">
      <Filter>Header Files\XED2</Filter>
    </ClInclude>
    <ClInclude Include="xed2\include\xed-operand-accessors.h">
      <Filter>Header Files\XED2</Filter>
    </ClInclude>
    <ClInclude Include="xed2\include\xed-operand-action.h">
      <Filter>Header Files\XED2</Filter>
    </ClInclude>
    <ClInclude Include="xed2\include\xed-operand-action-enum.h">
      <Filter>Header Files\XED2</Filter>
    </ClInclude>
    <ClInclude Include="xed2\include\xed-operand-convert-enum.h">
      <Filter>Header Files\XED2</Filter>
    </ClInclude>
    <ClInclude Include="xed2\include\xed-operand-ctype-enum.h">
      <Filter>Header Files\XED2</Filter>
    </ClInclude>
    <ClInclude Include="xed2\include\xed-operand-ctype-map.h">
      <Filter>Header Files\XED2</Filter>
    </ClInclude>
    <ClInclude Include="xed2\include\xed-operand-element-type-enum.h">
      <Filter>Header Files\XED2</Filter>
    </ClInclude>
    <ClInclude Include="xed2\include\xed-operand-element-xtype-enum.h">
      <Filter>Header Files\XED2</Filter>
    </ClInclude>
    <ClInclude Include="xed2\include\xed-operand-enum.h">
      <Filter>Header Files\XED2</Filter>
    </ClInclude>
    <ClInclude Include="xed2\include\xed-operand-storage.h">
      <Filter>Header Files\XED2</Filter>
    </ClInclude>
    <ClInclude Include="xed2\include\xed-operand-type-enum.h">
      <Filter>Header Files\XED2</Filter>
    </ClInclude>
    <ClInclude Include="xed2\include\xed-operand-values-interface.h">
      <Filter>Header Files\XED2</Filter>
    </ClInclude>
    <ClInclude Include="xed2\include\xed-operand-visibility-enum.h">
      <Filter>Header Files\XED2</Filter>
    </ClInclude>
    <ClInclude Include="xed2\include\xed-operand-width-enum.h">
      <Filter>Header Files\XED2</Filter>
    </ClInclude>
    <ClInclude Include="xed2\include\xed-portability.h">
      <Filter>Header Files\XED2</Filter>
    </ClInclude>
    <ClInclude Include="xed2\include\xed-reg-class.h">
      <Filter>Header Files\XED2</Filter>
    </ClInclude>
    <ClInclude Include="xed2\include\xed-reg-class-enum.h">
      <Filter>Header Files\XED2</Filter>
    </ClInclude>
    <ClInclude Include="xed2\include\xed-reg-enum.h">
      <Filter>Header Files\XED2</Filter>
    </ClInclude>
    <ClInclude Include="xed2\include\xed-reg-role-enum.h">
      <Filter>Header Files\XED2</Filter>
    </ClInclude>
    <ClInclude Include="xed2\include\xed-state.h">
      <Filter>Header Files\XED2</Filter>
    </ClInclude>
    <ClInclude Include="xed2\include\xed-syntax-enum.h">
      <Filter>Header Files\XED2</Filter>
    </ClInclude>
    <ClInclude Include="xed2\include\xed-types.h">
      <Filter>Header Files\XED2</Filter>
    </ClInclude>
    <ClInclude Include="xed2\include\xed-util.h">
      <Filter>Header Files\XED2</Filter>
    </ClInclude>
    <ClInclude Include="xed2\include\xed-version.h">
      <Filter>Header Files\XED2</Filter>
    </ClInclude>
    <ClInclude Include="MnemonicTable.h">
      <Filter>Header Files</Filter>
    </ClInclude>
    <ClInclude Include="Operand.h">
      <Filter>Header Files</Filter>
    </ClInclude>
    <ClInclude Include="Prefix.h">
      <Filter>Header Files</Filter>
    </ClInclude>
    <ClInclude Include="Validator.h">
      <Filter>Header Files</Filter>
    </ClInclude>
    <ClInclude Include="Translator.h">
      <Filter>Header Files</Filter>
    </ClInclude>
    <ClInclude Include="Parser.h">
      <Filter>Header Files</Filter>
    </ClInclude>
    <ClInclude Include="RegTable.h">
      <Filter>Header Files</Filter>
    </ClInclude>
    <ClInclude Include="OpSize.h">
      <Filter>Header Files</Filter>
    </ClInclude>
    <ClInclude Include="ParseTest.h">
      <Filter>Header Files</Filter>
    </ClInclude>
    <ClInclude Include="BranchInst.h">
      <Filter>Header Files</Filter>
    </ClInclude>
    <ClInclude Include="MemOperand.h">
      <Filter>Header Files</Filter>
    </ClInclude>
  </ItemGroup>
</Project>