<?xml version="1.0" encoding="UTF-8" standalone="yes" ?>
<CodeBlocks_project_file>
	<FileVersion major="1" minor="6" />
	<Project>
		<Option title="XEDParse" />
		<Option pch_mode="2" />
		<Option compiler="msvc10" />
		<Option virtualFolders="XED2\;" />
		<Build>
			<Target title="Release x64">
				<Option output="bin/x64/XEDParse" imp_lib="$(TARGET_OUTPUT_DIR)$(TARGET_OUTPUT_BASENAME).a" def_file="$(TARGET_OUTPUT_DIR)$(TARGET_OUTPUT_BASENAME).def" prefix_auto="1" extension_auto="1" />
				<Option object_output="x64/Release" />
				<Option type="3" />
				<Option compiler="microsoft_visual_c_2010_x64" />
				<Option createDefFile="1" />
				<Option createStaticLib="1" />
				<Compiler>
					<Add option="/Zi /nologo /W3 /WX- /O2" />
					<Add option="/DWIN64" />
					<Add option="/DNDEBUG" />
					<Add option="/D_WINDOWS" />
					<Add option="/D_USRDLL" />
					<Add option="/DXEDPARSE_BUILD" />
					<Add option="/D_CRT_SECURE_NO_WARNINGS" />
				</Compiler>
				<Linker>
					<Add library="kernel32.lib" />
					<Add library="user32.lib" />
					<Add library="gdi32.lib" />
					<Add library="winspool.lib" />
					<Add library="comdlg32.lib" />
					<Add library="advapi32.lib" />
					<Add library="shell32.lib" />
					<Add library="ole32.lib" />
					<Add library="oleaut32.lib" />
					<Add library="uuid.lib" />
					<Add library="odbc32.lib" />
					<Add library="odbccp32.lib" />
					<Add library="xed2\lib\libxed_x64.lib" />
				</Linker>
			</Target>
			<Target title="Release Win32">
				<Option output="bin/x32/XEDParse" imp_lib="$(TARGET_OUTPUT_DIR)$(TARGET_OUTPUT_BASENAME).a" def_file="$(TARGET_OUTPUT_DIR)$(TARGET_OUTPUT_BASENAME).def" prefix_auto="1" extension_auto="1" />
				<Option object_output="Win32/Release" />
				<Option type="3" />
				<Option compiler="msvc10" />
				<Option createDefFile="1" />
				<Option createStaticLib="1" />
				<Compiler>
					<Add option="/Zi /nologo /W3 /WX- /O2" />
					<Add option="/DWIN32" />
					<Add option="/DNDEBUG" />
					<Add option="/D_WINDOWS" />
					<Add option="/D_USRDLL" />
					<Add option="/DXEDPARSE_BUILD" />
					<Add option="/D_CRT_SECURE_NO_WARNINGS" />
				</Compiler>
				<Linker>
					<Add library="kernel32.lib" />
					<Add library="user32.lib" />
					<Add library="gdi32.lib" />
					<Add library="winspool.lib" />
					<Add library="comdlg32.lib" />
					<Add library="advapi32.lib" />
					<Add library="shell32.lib" />
					<Add library="ole32.lib" />
					<Add library="oleaut32.lib" />
					<Add library="uuid.lib" />
					<Add library="odbc32.lib" />
					<Add library="odbccp32.lib" />
					<Add library="xed2\lib\libxed_x86.lib" />
				</Linker>
			</Target>
		</Build>
		<Compiler>
			<Add option="/MD" />
			<Add option="/EHc" />
			<Add option="/EHs" />
			<Add option="/wd 4244 /wd 4267" />
		</Compiler>
		<Linker>
			<Add option="/NODEFAULTLIB:LIBCMT" />
		</Linker>
		<Unit filename="XEDParse.cpp" />
		<Unit filename="XEDParse.h" />
		<Unit filename="parser.cpp" />
		<Unit filename="parser.h" />
		<Unit filename="parsetest.cpp" />
		<Unit filename="parsetest.h" />
		<Unit filename="translate.cpp" />
		<Unit filename="translate.h" />
		<Unit filename="xed-dot-prep.c">
			<Option compilerVar="CC" />
		</Unit>
		<Unit filename="xed-dot-prep.h" />
		<Unit filename="xed-dot.c">
			<Option compilerVar="CC" />
		</Unit>
		<Unit filename="xed-dot.h" />
		<Unit filename="xed-enc-lang.H" />
		<Unit filename="xed-enc-lang.cpp" />
		<Unit filename="xed-ex3.cpp" />
		<Unit filename="xed-ex3.h" />
		<Unit filename="xed-examples-util.c">
			<Option compilerVar="CC" />
		</Unit>
		<Unit filename="xed-examples-util.h" />
		<Unit filename="xed2/include/xed-address-width-enum.h">
			<Option virtualFolder="XED2/" />
		</Unit>
		<Unit filename="xed2/include/xed-agen.h">
			<Option virtualFolder="XED2/" />
		</Unit>
		<Unit filename="xed2/include/xed-attribute-enum.h">
			<Option virtualFolder="XED2/" />
		</Unit>
		<Unit filename="xed2/include/xed-attributes.h">
			<Option virtualFolder="XED2/" />
		</Unit>
		<Unit filename="xed2/include/xed-category-enum.h">
			<Option virtualFolder="XED2/" />
		</Unit>
		<Unit filename="xed2/include/xed-chip-enum.h">
			<Option virtualFolder="XED2/" />
		</Unit>
		<Unit filename="xed2/include/xed-common-defs.h">
			<Option virtualFolder="XED2/" />
		</Unit>
		<Unit filename="xed2/include/xed-common-hdrs.h">
			<Option virtualFolder="XED2/" />
		</Unit>
		<Unit filename="xed2/include/xed-convert-table-init.h">
			<Option virtualFolder="XED2/" />
		</Unit>
		<Unit filename="xed2/include/xed-decode-cache.h">
			<Option virtualFolder="XED2/" />
		</Unit>
		<Unit filename="xed2/include/xed-decode.h">
			<Option virtualFolder="XED2/" />
		</Unit>
		<Unit filename="xed2/include/xed-decoded-inst-api.h">
			<Option virtualFolder="XED2/" />
		</Unit>
		<Unit filename="xed2/include/xed-decoded-inst.h">
			<Option virtualFolder="XED2/" />
		</Unit>
		<Unit filename="xed2/include/xed-disas.h">
			<Option virtualFolder="XED2/" />
		</Unit>
		<Unit filename="xed2/include/xed-encode.h">
			<Option virtualFolder="XED2/" />
		</Unit>
		<Unit filename="xed2/include/xed-encoder-gen-defs.h">
			<Option virtualFolder="XED2/" />
		</Unit>
		<Unit filename="xed2/include/xed-encoder-hl.h">
			<Option virtualFolder="XED2/" />
		</Unit>
		<Unit filename="xed2/include/xed-encoder-iforms.h">
			<Option virtualFolder="XED2/" />
		</Unit>
		<Unit filename="xed2/include/xed-error-enum.h">
			<Option virtualFolder="XED2/" />
		</Unit>
		<Unit filename="xed2/include/xed-exception-enum.h">
			<Option virtualFolder="XED2/" />
		</Unit>
		<Unit filename="xed2/include/xed-extension-enum.h">
			<Option virtualFolder="XED2/" />
		</Unit>
		<Unit filename="xed2/include/xed-flag-action-enum.h">
			<Option virtualFolder="XED2/" />
		</Unit>
		<Unit filename="xed2/include/xed-flag-enum.h">
			<Option virtualFolder="XED2/" />
		</Unit>
		<Unit filename="xed2/include/xed-flags.h">
			<Option virtualFolder="XED2/" />
		</Unit>
		<Unit filename="xed2/include/xed-format-options.h">
			<Option virtualFolder="XED2/" />
		</Unit>
		<Unit filename="xed2/include/xed-gen-table-defs.h">
			<Option virtualFolder="XED2/" />
		</Unit>
		<Unit filename="xed2/include/xed-get-time.h">
			<Option virtualFolder="XED2/" />
		</Unit>
		<Unit filename="xed2/include/xed-iclass-enum.h">
			<Option virtualFolder="XED2/" />
		</Unit>
		<Unit filename="xed2/include/xed-iform-enum.h">
			<Option virtualFolder="XED2/" />
		</Unit>
		<Unit filename="xed2/include/xed-iform-map.h">
			<Option virtualFolder="XED2/" />
		</Unit>
		<Unit filename="xed2/include/xed-iformfl-enum.h">
			<Option virtualFolder="XED2/" />
		</Unit>
		<Unit filename="xed2/include/xed-ild.h">
			<Option virtualFolder="XED2/" />
		</Unit>
		<Unit filename="xed2/include/xed-immdis.h">
			<Option virtualFolder="XED2/" />
		</Unit>
		<Unit filename="xed2/include/xed-immed.h">
			<Option virtualFolder="XED2/" />
		</Unit>
		<Unit filename="xed2/include/xed-init-pointer-names.h">
			<Option virtualFolder="XED2/" />
		</Unit>
		<Unit filename="xed2/include/xed-init.h">
			<Option virtualFolder="XED2/" />
		</Unit>
		<Unit filename="xed2/include/xed-inst-printer.h">
			<Option virtualFolder="XED2/" />
		</Unit>
		<Unit filename="xed2/include/xed-inst.h">
			<Option virtualFolder="XED2/" />
		</Unit>
		<Unit filename="xed2/include/xed-interface.h">
			<Option virtualFolder="XED2/" />
		</Unit>
		<Unit filename="xed2/include/xed-isa-set-enum.h">
			<Option virtualFolder="XED2/" />
		</Unit>
		<Unit filename="xed2/include/xed-isa-set.h">
			<Option virtualFolder="XED2/" />
		</Unit>
		<Unit filename="xed2/include/xed-machine-mode-enum.h">
			<Option virtualFolder="XED2/" />
		</Unit>
		<Unit filename="xed2/include/xed-nonterminal-enum.h">
			<Option virtualFolder="XED2/" />
		</Unit>
		<Unit filename="xed2/include/xed-operand-accessors.h">
			<Option virtualFolder="XED2/" />
		</Unit>
		<Unit filename="xed2/include/xed-operand-action-enum.h">
			<Option virtualFolder="XED2/" />
		</Unit>
		<Unit filename="xed2/include/xed-operand-action.h">
			<Option virtualFolder="XED2/" />
		</Unit>
		<Unit filename="xed2/include/xed-operand-convert-enum.h">
			<Option virtualFolder="XED2/" />
		</Unit>
		<Unit filename="xed2/include/xed-operand-ctype-enum.h">
			<Option virtualFolder="XED2/" />
		</Unit>
		<Unit filename="xed2/include/xed-operand-ctype-map.h">
			<Option virtualFolder="XED2/" />
		</Unit>
		<Unit filename="xed2/include/xed-operand-element-type-enum.h">
			<Option virtualFolder="XED2/" />
		</Unit>
		<Unit filename="xed2/include/xed-operand-element-xtype-enum.h">
			<Option virtualFolder="XED2/" />
		</Unit>
		<Unit filename="xed2/include/xed-operand-enum.h">
			<Option virtualFolder="XED2/" />
		</Unit>
		<Unit filename="xed2/include/xed-operand-storage.h">
			<Option virtualFolder="XED2/" />
		</Unit>
		<Unit filename="xed2/include/xed-operand-type-enum.h">
			<Option virtualFolder="XED2/" />
		</Unit>
		<Unit filename="xed2/include/xed-operand-values-interface.h">
			<Option virtualFolder="XED2/" />
		</Unit>
		<Unit filename="xed2/include/xed-operand-visibility-enum.h">
			<Option virtualFolder="XED2/" />
		</Unit>
		<Unit filename="xed2/include/xed-operand-width-enum.h">
			<Option virtualFolder="XED2/" />
		</Unit>
		<Unit filename="xed2/include/xed-portability.h">
			<Option virtualFolder="XED2/" />
		</Unit>
		<Unit filename="xed2/include/xed-reg-class-enum.h">
			<Option virtualFolder="XED2/" />
		</Unit>
		<Unit filename="xed2/include/xed-reg-class.h">
			<Option virtualFolder="XED2/" />
		</Unit>
		<Unit filename="xed2/include/xed-reg-enum.h">
			<Option virtualFolder="XED2/" />
		</Unit>
		<Unit filename="xed2/include/xed-reg-role-enum.h">
			<Option virtualFolder="XED2/" />
		</Unit>
		<Unit filename="xed2/include/xed-state.h">
			<Option virtualFolder="XED2/" />
		</Unit>
		<Unit filename="xed2/include/xed-syntax-enum.h">
			<Option virtualFolder="XED2/" />
		</Unit>
		<Unit filename="xed2/include/xed-types.h">
			<Option virtualFolder="XED2/" />
		</Unit>
		<Unit filename="xed2/include/xed-util.h">
			<Option virtualFolder="XED2/" />
		</Unit>
		<Unit filename="xed2/include/xed-version.h">
			<Option virtualFolder="XED2/" />
		</Unit>
		<Extensions>
			<code_completion />
			<envvars />
			<debugger />
		</Extensions>
	</Project>
</CodeBlocks_project_file>
